
Microsoft Visual Studio Solution File, Format Version 12.00
# Visual Studio 15
VisualStudioVersion = 15.0.28307.421
MinimumVisualStudioVersion = 10.0.40219.1
Project("{FAE04EC0-301F-11D3-BF4B-00C04F79EFBC}") = "YJTool", "YJTool\YJTool.csproj", "{57A46E4A-B8FE-46AE-8646-1C409CEE9240}"
EndProject
Global
	GlobalSection(SolutionConfigurationPlatforms) = preSolution
		Debug|Any CPU = Debug|Any CPU
		Release|Any CPU = Release|Any CPU
	EndGlobalSection
	GlobalSection(ProjectConfigurationPlatforms) = postSolution
		{57A46E4A-B8FE-46AE-8646-1C409CEE9240}.Debug|Any CPU.ActiveCfg = Debug|Any CPU
		{57A46E4A-B8FE-46AE-8646-1C409CEE9240}.Debug|Any CPU.Build.0 = Debug|Any CPU
		{57A46E4A-B8FE-46AE-8646-1C409CEE9240}.Release|Any CPU.ActiveCfg = Release|Any CPU
		{57A46E4A-B8FE-46AE-8646-1C409CEE9240}.Release|Any CPU.Build.0 = Release|Any CPU
	EndGlobalSection
	GlobalSection(SolutionProperties) = preSolution
		HideSolutionNode = FALSE
	EndGlobalSection
	GlobalSection(ExtensibilityGlobals) = postSolution
		SolutionGuid = {7DACCA6B-8175-4EFE-8529-BAA615F63411}
	EndGlobalSection
EndGlobal
